
Microsoft Visual Studio Solution File, Format Version 12.00
Project("{2150E333-8FDC-42A3-9474-1A3956D46DE8}") = "src", "src", "{C6C2E011-AFDD-4C98-9588-4A58DAD75B25}"
EndProject
Project("{2150E333-8FDC-42A3-9474-1A3956D46DE8}") = "tests", "tests", "{360AD6E8-25A8-4236-8342-1DF6BEB51076}"
EndProject
Project("{2150E333-8FDC-42A3-9474-1A3956D46DE8}") = "system", "system", "{B475D933-6AB7-4A51-8466-D625208DB891}"
EndProject
Project("{2150E333-8FDC-42A3-9474-1A3956D46DE8}") = "core", "core", "{B5856E4B-6397-41D3-BC98-39D57CEB00DB}"
EndProject
Project("{FAE04EC0-301F-11D3-BF4B-00C04F79EFBC}") = "WebChat.Domain", "..\system\core\domain\WebChat.Domain.csproj", "{96B94E39-C659-498D-81BC-8F31B0B69D64}"
EndProject
Global
	GlobalSection(SolutionConfigurationPlatforms) = preSolution
		Debug|Any CPU = Debug|Any CPU
		Release|Any CPU = Release|Any CPU
	EndGlobalSection
	GlobalSection(NestedProjects) = preSolution
		{B475D933-6AB7-4A51-8466-D625208DB891} = {C6C2E011-AFDD-4C98-9588-4A58DAD75B25}
		{B5856E4B-6397-41D3-BC98-39D57CEB00DB} = {B475D933-6AB7-4A51-8466-D625208DB891}
		{96B94E39-C659-498D-81BC-8F31B0B69D64} = {B5856E4B-6397-41D3-BC98-39D57CEB00DB}
	EndGlobalSection
	GlobalSection(ProjectConfigurationPlatforms) = postSolution
		{96B94E39-C659-498D-81BC-8F31B0B69D64}.Debug|Any CPU.ActiveCfg = Debug|Any CPU
		{96B94E39-C659-498D-81BC-8F31B0B69D64}.Debug|Any CPU.Build.0 = Debug|Any CPU
		{96B94E39-C659-498D-81BC-8F31B0B69D64}.Release|Any CPU.ActiveCfg = Release|Any CPU
		{96B94E39-C659-498D-81BC-8F31B0B69D64}.Release|Any CPU.Build.0 = Release|Any CPU
	EndGlobalSection
EndGlobal
