
Microsoft Visual Studio Solution File, Format Version 12.00
Project("{2150E333-8FDC-42A3-9474-1A3956D46DE8}") = "Layers", "Layers", "{50B6C9E3-A3C6-4887-B97E-396BE10F9402}"
EndProject
Project("{2150E333-8FDC-42A3-9474-1A3956D46DE8}") = "Application", "Application", "{1E2DBDBD-67B0-4113-909F-4356611FBE9C}"
EndProject
Project("{2150E333-8FDC-42A3-9474-1A3956D46DE8}") = "Domain", "Domain", "{15743A43-979A-4539-AA36-29F9550FF979}"
EndProject
Project("{2150E333-8FDC-42A3-9474-1A3956D46DE8}") = "Infrastructure", "Infrastructure", "{BC26DF9B-4A36-4915-AE1E-AECFDC226CC3}"
EndProject
Project("{2150E333-8FDC-42A3-9474-1A3956D46DE8}") = "Presentation", "Presentation", "{322F3322-F959-4CA0-82E1-FE3AD4C553CA}"
EndProject
Project("{2150E333-8FDC-42A3-9474-1A3956D46DE8}") = "src", "src", "{986777EA-DE8B-48FB-B564-D36CC0E5031F}"
EndProject
Project("{FAE04EC0-301F-11D3-BF4B-00C04F79EFBC}") = "WebChat.Application.API", "Layers\Application\Application.API\WebChat.Application.API.csproj", "{A5DB37DB-C1EC-47AE-85A1-2ECCE1197E68}"
EndProject
Project("{FAE04EC0-301F-11D3-BF4B-00C04F79EFBC}") = "WebChat.Domain.API", "Layers\Domain\Domain.API\WebChat.Domain.API.csproj", "{CE8A50A4-80D5-477B-85AB-D32A5F2D1261}"
EndProject
Project("{FAE04EC0-301F-11D3-BF4B-00C04F79EFBC}") = "WebChat.Infrastructure.API", "Layers\Infrastructure\Infrastructure.API\WebChat.Infrastructure.API.csproj", "{A91700AF-E645-4739-97EB-F2E2BDDDABA4}"
EndProject
Project("{FAE04EC0-301F-11D3-BF4B-00C04F79EFBC}") = "WebChat.Presentation.API", "Layers\Presentation\Presentation.API\WebChat.Presentation.API.csproj", "{82B18E06-A3FE-4445-A626-83865B4726D3}"
EndProject
Global
	GlobalSection(SolutionConfigurationPlatforms) = preSolution
		Debug|Any CPU = Debug|Any CPU
		Release|Any CPU = Release|Any CPU
	EndGlobalSection
	GlobalSection(NestedProjects) = preSolution
		{1E2DBDBD-67B0-4113-909F-4356611FBE9C} = {50B6C9E3-A3C6-4887-B97E-396BE10F9402}
		{15743A43-979A-4539-AA36-29F9550FF979} = {50B6C9E3-A3C6-4887-B97E-396BE10F9402}
		{BC26DF9B-4A36-4915-AE1E-AECFDC226CC3} = {50B6C9E3-A3C6-4887-B97E-396BE10F9402}
		{322F3322-F959-4CA0-82E1-FE3AD4C553CA} = {50B6C9E3-A3C6-4887-B97E-396BE10F9402}
		{50B6C9E3-A3C6-4887-B97E-396BE10F9402} = {986777EA-DE8B-48FB-B564-D36CC0E5031F}
		{A5DB37DB-C1EC-47AE-85A1-2ECCE1197E68} = {1E2DBDBD-67B0-4113-909F-4356611FBE9C}
		{CE8A50A4-80D5-477B-85AB-D32A5F2D1261} = {15743A43-979A-4539-AA36-29F9550FF979}
		{A91700AF-E645-4739-97EB-F2E2BDDDABA4} = {BC26DF9B-4A36-4915-AE1E-AECFDC226CC3}
		{82B18E06-A3FE-4445-A626-83865B4726D3} = {322F3322-F959-4CA0-82E1-FE3AD4C553CA}
	EndGlobalSection
	GlobalSection(ProjectConfigurationPlatforms) = postSolution
		{A5DB37DB-C1EC-47AE-85A1-2ECCE1197E68}.Debug|Any CPU.ActiveCfg = Debug|Any CPU
		{A5DB37DB-C1EC-47AE-85A1-2ECCE1197E68}.Debug|Any CPU.Build.0 = Debug|Any CPU
		{A5DB37DB-C1EC-47AE-85A1-2ECCE1197E68}.Release|Any CPU.ActiveCfg = Release|Any CPU
		{A5DB37DB-C1EC-47AE-85A1-2ECCE1197E68}.Release|Any CPU.Build.0 = Release|Any CPU
		{CE8A50A4-80D5-477B-85AB-D32A5F2D1261}.Debug|Any CPU.ActiveCfg = Debug|Any CPU
		{CE8A50A4-80D5-477B-85AB-D32A5F2D1261}.Debug|Any CPU.Build.0 = Debug|Any CPU
		{CE8A50A4-80D5-477B-85AB-D32A5F2D1261}.Release|Any CPU.ActiveCfg = Release|Any CPU
		{CE8A50A4-80D5-477B-85AB-D32A5F2D1261}.Release|Any CPU.Build.0 = Release|Any CPU
		{A91700AF-E645-4739-97EB-F2E2BDDDABA4}.Debug|Any CPU.ActiveCfg = Debug|Any CPU
		{A91700AF-E645-4739-97EB-F2E2BDDDABA4}.Debug|Any CPU.Build.0 = Debug|Any CPU
		{A91700AF-E645-4739-97EB-F2E2BDDDABA4}.Release|Any CPU.ActiveCfg = Release|Any CPU
		{A91700AF-E645-4739-97EB-F2E2BDDDABA4}.Release|Any CPU.Build.0 = Release|Any CPU
		{82B18E06-A3FE-4445-A626-83865B4726D3}.Debug|Any CPU.ActiveCfg = Debug|Any CPU
		{82B18E06-A3FE-4445-A626-83865B4726D3}.Debug|Any CPU.Build.0 = Debug|Any CPU
		{82B18E06-A3FE-4445-A626-83865B4726D3}.Release|Any CPU.ActiveCfg = Release|Any CPU
		{82B18E06-A3FE-4445-A626-83865B4726D3}.Release|Any CPU.Build.0 = Release|Any CPU
	EndGlobalSection
EndGlobal
